
Microsoft Visual Studio Solution File, Format Version 12.00
# Visual Studio 15
Project("{FAE04EC0-301F-11D3-BF4B-00C04F79EFBC}") = "Roulette RPG", "Assembly-CSharp.csproj", "{19F38D92-A2A0-D996-6AE1-F1BA86F4198A}"
EndProject
Global
	GlobalSection(SolutionConfigurationPlatforms) = preSolution
		Debug|Any CPU = Debug|Any CPU
		Release|Any CPU = Release|Any CPU
	EndGlobalSection
	GlobalSection(ProjectConfigurationPlatforms) = postSolution
		{19F38D92-A2A0-D996-6AE1-F1BA86F4198A}.Debug|Any CPU.ActiveCfg = Debug|Any CPU
		{19F38D92-A2A0-D996-6AE1-F1BA86F4198A}.Debug|Any CPU.Build.0 = Debug|Any CPU
		{19F38D92-A2A0-D996-6AE1-F1BA86F4198A}.Release|Any CPU.ActiveCfg = Release|Any CPU
		{19F38D92-A2A0-D996-6AE1-F1BA86F4198A}.Release|Any CPU.Build.0 = Release|Any CPU
	EndGlobalSection
	GlobalSection(SolutionProperties) = preSolution
		HideSolutionNode = FALSE
	EndGlobalSection
EndGlobal
